
Microsoft Visual Studio Solution File, Format Version 12.00
# Visual Studio Version 17
VisualStudioVersion = 17.7.34221.43
MinimumVisualStudioVersion = 10.0.40219.1
Project("{FAE04EC0-301F-11D3-BF4B-00C04F79EFBC}") = "Assessment3", "Assessment3\Assessment3.csproj", "{1D39B638-813D-436F-BE78-789F487C71DF}"
EndProject
Global
	GlobalSection(SolutionConfigurationPlatforms) = preSolution
		Debug|Any CPU = Debug|Any CPU
		Release|Any CPU = Release|Any CPU
	EndGlobalSection
	GlobalSection(ProjectConfigurationPlatforms) = postSolution
		{1D39B638-813D-436F-BE78-789F487C71DF}.Debug|Any CPU.ActiveCfg = Debug|Any CPU
		{1D39B638-813D-436F-BE78-789F487C71DF}.Debug|Any CPU.Build.0 = Debug|Any CPU
		{1D39B638-813D-436F-BE78-789F487C71DF}.Release|Any CPU.ActiveCfg = Release|Any CPU
		{1D39B638-813D-436F-BE78-789F487C71DF}.Release|Any CPU.Build.0 = Release|Any CPU
	EndGlobalSection
	GlobalSection(SolutionProperties) = preSolution
		HideSolutionNode = FALSE
	EndGlobalSection
	GlobalSection(ExtensibilityGlobals) = postSolution
		SolutionGuid = {AB9E5DA7-CFB5-4768-AB2A-97FA729D9537}
	EndGlobalSection
EndGlobal
